
Microsoft Visual Studio Solution File, Format Version 12.00
# Visual Studio Version 16
VisualStudioVersion = 16.0.30611.23
MinimumVisualStudioVersion = 10.0.40219.1
Project("{FAE04EC0-301F-11D3-BF4B-00C04F79EFBC}") = "AutofacLifeTimeScopeDemo.Main", "AutofacLifeTimeScopeDemo.Main\AutofacLifeTimeScopeDemo.Main.csproj", "{9AA1C8FC-661B-476D-B56B-2F3DE3C25EBE}"
EndProject
Project("{FAE04EC0-301F-11D3-BF4B-00C04F79EFBC}") = "AutofacLifeTimeScopeDemo.Main.Model", "AutofacLifeTimeScopeDemo.Main.Model\AutofacLifeTimeScopeDemo.Main.Model.csproj", "{7F9C1DF0-3850-4D78-AD3C-B8045FB20F90}"
EndProject
Project("{FAE04EC0-301F-11D3-BF4B-00C04F79EFBC}") = "AutofacLifeTimeScopeDemo.Main.Service", "AutofacLifeTimeScopeDemo.Main.Service\AutofacLifeTimeScopeDemo.Main.Service.csproj", "{F6094FB1-F83A-42AB-9E6A-211CC70F375C}"
EndProject
Global
	GlobalSection(SolutionConfigurationPlatforms) = preSolution
		Debug|Any CPU = Debug|Any CPU
		Release|Any CPU = Release|Any CPU
	EndGlobalSection
	GlobalSection(ProjectConfigurationPlatforms) = postSolution
		{9AA1C8FC-661B-476D-B56B-2F3DE3C25EBE}.Debug|Any CPU.ActiveCfg = Debug|Any CPU
		{9AA1C8FC-661B-476D-B56B-2F3DE3C25EBE}.Debug|Any CPU.Build.0 = Debug|Any CPU
		{9AA1C8FC-661B-476D-B56B-2F3DE3C25EBE}.Release|Any CPU.ActiveCfg = Release|Any CPU
		{9AA1C8FC-661B-476D-B56B-2F3DE3C25EBE}.Release|Any CPU.Build.0 = Release|Any CPU
		{7F9C1DF0-3850-4D78-AD3C-B8045FB20F90}.Debug|Any CPU.ActiveCfg = Debug|Any CPU
		{7F9C1DF0-3850-4D78-AD3C-B8045FB20F90}.Debug|Any CPU.Build.0 = Debug|Any CPU
		{7F9C1DF0-3850-4D78-AD3C-B8045FB20F90}.Release|Any CPU.ActiveCfg = Release|Any CPU
		{7F9C1DF0-3850-4D78-AD3C-B8045FB20F90}.Release|Any CPU.Build.0 = Release|Any CPU
		{F6094FB1-F83A-42AB-9E6A-211CC70F375C}.Debug|Any CPU.ActiveCfg = Debug|Any CPU
		{F6094FB1-F83A-42AB-9E6A-211CC70F375C}.Debug|Any CPU.Build.0 = Debug|Any CPU
		{F6094FB1-F83A-42AB-9E6A-211CC70F375C}.Release|Any CPU.ActiveCfg = Release|Any CPU
		{F6094FB1-F83A-42AB-9E6A-211CC70F375C}.Release|Any CPU.Build.0 = Release|Any CPU
	EndGlobalSection
	GlobalSection(SolutionProperties) = preSolution
		HideSolutionNode = FALSE
	EndGlobalSection
	GlobalSection(ExtensibilityGlobals) = postSolution
		SolutionGuid = {61518FC0-DFDB-43C4-B502-B55DCD6D517F}
	EndGlobalSection
EndGlobal
